
Microsoft Visual Studio Solution File, Format Version 12.00
# Visual Studio Version 16
VisualStudioVersion = 16.0.29009.5
MinimumVisualStudioVersion = 10.0.40219.1
Project("{FAE04EC0-301F-11D3-BF4B-00C04F79EFBC}") = "Problem_1_AutoComplete", "Problem_1_AutoComplete\Problem_1_AutoComplete.csproj", "{C74688A2-B033-4CD7-B06E-5C76FA136A45}"
EndProject
Project("{8BC9CEB8-8B4A-11D0-8D11-00A0C91BC942}") = "Problem_3_FileSystem", "Problem_3_FileSystem\Problem_3_FileSystem.vcxproj", "{E0EAD489-9373-4A1A-90EF-6B2D7C07A203}"
EndProject
Project("{FAE04EC0-301F-11D3-BF4B-00C04F79EFBC}") = "Problem_2_GrandHotel", "Problem_2_GrandHotel\Problem_2_GrandHotel.csproj", "{D71C8108-E129-41CA-BAE4-BCC0F5A70B01}"
EndProject
Project("{FAE04EC0-301F-11D3-BF4B-00C04F79EFBC}") = "Problem_3_FileSystem_CS", "Problem_3_FileSystem_CS\Problem_3_FileSystem_CS.csproj", "{05E0031B-3F7C-48DC-A4FC-6B3786644CA7}"
EndProject
Project("{FAE04EC0-301F-11D3-BF4B-00C04F79EFBC}") = "TrieExperiment", "TrieExperiment\TrieExperiment.csproj", "{719C8333-B02F-4F19-9958-8FBA33A540A2}"
EndProject
Global
	GlobalSection(SolutionConfigurationPlatforms) = preSolution
		Debug|Any CPU = Debug|Any CPU
		Debug|x64 = Debug|x64
		Debug|x86 = Debug|x86
		Release|Any CPU = Release|Any CPU
		Release|x64 = Release|x64
		Release|x86 = Release|x86
	EndGlobalSection
	GlobalSection(ProjectConfigurationPlatforms) = postSolution
		{C74688A2-B033-4CD7-B06E-5C76FA136A45}.Debug|Any CPU.ActiveCfg = Debug|Any CPU
		{C74688A2-B033-4CD7-B06E-5C76FA136A45}.Debug|Any CPU.Build.0 = Debug|Any CPU
		{C74688A2-B033-4CD7-B06E-5C76FA136A45}.Debug|x64.ActiveCfg = Debug|Any CPU
		{C74688A2-B033-4CD7-B06E-5C76FA136A45}.Debug|x64.Build.0 = Debug|Any CPU
		{C74688A2-B033-4CD7-B06E-5C76FA136A45}.Debug|x86.ActiveCfg = Debug|Any CPU
		{C74688A2-B033-4CD7-B06E-5C76FA136A45}.Debug|x86.Build.0 = Debug|Any CPU
		{C74688A2-B033-4CD7-B06E-5C76FA136A45}.Release|Any CPU.ActiveCfg = Release|Any CPU
		{C74688A2-B033-4CD7-B06E-5C76FA136A45}.Release|Any CPU.Build.0 = Release|Any CPU
		{C74688A2-B033-4CD7-B06E-5C76FA136A45}.Release|x64.ActiveCfg = Release|Any CPU
		{C74688A2-B033-4CD7-B06E-5C76FA136A45}.Release|x64.Build.0 = Release|Any CPU
		{C74688A2-B033-4CD7-B06E-5C76FA136A45}.Release|x86.ActiveCfg = Release|Any CPU
		{C74688A2-B033-4CD7-B06E-5C76FA136A45}.Release|x86.Build.0 = Release|Any CPU
		{E0EAD489-9373-4A1A-90EF-6B2D7C07A203}.Debug|Any CPU.ActiveCfg = Debug|Win32
		{E0EAD489-9373-4A1A-90EF-6B2D7C07A203}.Debug|x64.ActiveCfg = Debug|x64
		{E0EAD489-9373-4A1A-90EF-6B2D7C07A203}.Debug|x64.Build.0 = Debug|x64
		{E0EAD489-9373-4A1A-90EF-6B2D7C07A203}.Debug|x86.ActiveCfg = Debug|Win32
		{E0EAD489-9373-4A1A-90EF-6B2D7C07A203}.Debug|x86.Build.0 = Debug|Win32
		{E0EAD489-9373-4A1A-90EF-6B2D7C07A203}.Release|Any CPU.ActiveCfg = Release|Win32
		{E0EAD489-9373-4A1A-90EF-6B2D7C07A203}.Release|x64.ActiveCfg = Release|x64
		{E0EAD489-9373-4A1A-90EF-6B2D7C07A203}.Release|x64.Build.0 = Release|x64
		{E0EAD489-9373-4A1A-90EF-6B2D7C07A203}.Release|x86.ActiveCfg = Release|Win32
		{E0EAD489-9373-4A1A-90EF-6B2D7C07A203}.Release|x86.Build.0 = Release|Win32
		{D71C8108-E129-41CA-BAE4-BCC0F5A70B01}.Debug|Any CPU.ActiveCfg = Debug|Any CPU
		{D71C8108-E129-41CA-BAE4-BCC0F5A70B01}.Debug|Any CPU.Build.0 = Debug|Any CPU
		{D71C8108-E129-41CA-BAE4-BCC0F5A70B01}.Debug|x64.ActiveCfg = Debug|Any CPU
		{D71C8108-E129-41CA-BAE4-BCC0F5A70B01}.Debug|x64.Build.0 = Debug|Any CPU
		{D71C8108-E129-41CA-BAE4-BCC0F5A70B01}.Debug|x86.ActiveCfg = Debug|Any CPU
		{D71C8108-E129-41CA-BAE4-BCC0F5A70B01}.Debug|x86.Build.0 = Debug|Any CPU
		{D71C8108-E129-41CA-BAE4-BCC0F5A70B01}.Release|Any CPU.ActiveCfg = Release|Any CPU
		{D71C8108-E129-41CA-BAE4-BCC0F5A70B01}.Release|Any CPU.Build.0 = Release|Any CPU
		{D71C8108-E129-41CA-BAE4-BCC0F5A70B01}.Release|x64.ActiveCfg = Release|Any CPU
		{D71C8108-E129-41CA-BAE4-BCC0F5A70B01}.Release|x64.Build.0 = Release|Any CPU
		{D71C8108-E129-41CA-BAE4-BCC0F5A70B01}.Release|x86.ActiveCfg = Release|Any CPU
		{D71C8108-E129-41CA-BAE4-BCC0F5A70B01}.Release|x86.Build.0 = Release|Any CPU
		{05E0031B-3F7C-48DC-A4FC-6B3786644CA7}.Debug|Any CPU.ActiveCfg = Debug|Any CPU
		{05E0031B-3F7C-48DC-A4FC-6B3786644CA7}.Debug|Any CPU.Build.0 = Debug|Any CPU
		{05E0031B-3F7C-48DC-A4FC-6B3786644CA7}.Debug|x64.ActiveCfg = Debug|Any CPU
		{05E0031B-3F7C-48DC-A4FC-6B3786644CA7}.Debug|x64.Build.0 = Debug|Any CPU
		{05E0031B-3F7C-48DC-A4FC-6B3786644CA7}.Debug|x86.ActiveCfg = Debug|Any CPU
		{05E0031B-3F7C-48DC-A4FC-6B3786644CA7}.Debug|x86.Build.0 = Debug|Any CPU
		{05E0031B-3F7C-48DC-A4FC-6B3786644CA7}.Release|Any CPU.ActiveCfg = Release|Any CPU
		{05E0031B-3F7C-48DC-A4FC-6B3786644CA7}.Release|Any CPU.Build.0 = Release|Any CPU
		{05E0031B-3F7C-48DC-A4FC-6B3786644CA7}.Release|x64.ActiveCfg = Release|Any CPU
		{05E0031B-3F7C-48DC-A4FC-6B3786644CA7}.Release|x64.Build.0 = Release|Any CPU
		{05E0031B-3F7C-48DC-A4FC-6B3786644CA7}.Release|x86.ActiveCfg = Release|Any CPU
		{05E0031B-3F7C-48DC-A4FC-6B3786644CA7}.Release|x86.Build.0 = Release|Any CPU
		{719C8333-B02F-4F19-9958-8FBA33A540A2}.Debug|Any CPU.ActiveCfg = Debug|Any CPU
		{719C8333-B02F-4F19-9958-8FBA33A540A2}.Debug|Any CPU.Build.0 = Debug|Any CPU
		{719C8333-B02F-4F19-9958-8FBA33A540A2}.Debug|x64.ActiveCfg = Debug|Any CPU
		{719C8333-B02F-4F19-9958-8FBA33A540A2}.Debug|x64.Build.0 = Debug|Any CPU
		{719C8333-B02F-4F19-9958-8FBA33A540A2}.Debug|x86.ActiveCfg = Debug|Any CPU
		{719C8333-B02F-4F19-9958-8FBA33A540A2}.Debug|x86.Build.0 = Debug|Any CPU
		{719C8333-B02F-4F19-9958-8FBA33A540A2}.Release|Any CPU.ActiveCfg = Release|Any CPU
		{719C8333-B02F-4F19-9958-8FBA33A540A2}.Release|Any CPU.Build.0 = Release|Any CPU
		{719C8333-B02F-4F19-9958-8FBA33A540A2}.Release|x64.ActiveCfg = Release|Any CPU
		{719C8333-B02F-4F19-9958-8FBA33A540A2}.Release|x64.Build.0 = Release|Any CPU
		{719C8333-B02F-4F19-9958-8FBA33A540A2}.Release|x86.ActiveCfg = Release|Any CPU
		{719C8333-B02F-4F19-9958-8FBA33A540A2}.Release|x86.Build.0 = Release|Any CPU
	EndGlobalSection
	GlobalSection(SolutionProperties) = preSolution
		HideSolutionNode = FALSE
	EndGlobalSection
	GlobalSection(ExtensibilityGlobals) = postSolution
		SolutionGuid = {BED64E36-9388-42B9-97DF-C5CDD022D1C2}
	EndGlobalSection
EndGlobal
